
Microsoft Visual Studio Solution File, Format Version 12.00
# Visual Studio Version 17
VisualStudioVersion = 17.5.33530.505
MinimumVisualStudioVersion = 10.0.40219.1
Project("{FAE04EC0-301F-11D3-BF4B-00C04F79EFBC}") = "Events", "Events\Events.csproj", "{7CD03828-3ED1-47B5-84BC-80105DFCB336}"
EndProject
Global
	GlobalSection(SolutionConfigurationPlatforms) = preSolution
		Debug|Any CPU = Debug|Any CPU
		Release|Any CPU = Release|Any CPU
	EndGlobalSection
	GlobalSection(ProjectConfigurationPlatforms) = postSolution
		{7CD03828-3ED1-47B5-84BC-80105DFCB336}.Debug|Any CPU.ActiveCfg = Debug|Any CPU
		{7CD03828-3ED1-47B5-84BC-80105DFCB336}.Debug|Any CPU.Build.0 = Debug|Any CPU
		{7CD03828-3ED1-47B5-84BC-80105DFCB336}.Release|Any CPU.ActiveCfg = Release|Any CPU
		{7CD03828-3ED1-47B5-84BC-80105DFCB336}.Release|Any CPU.Build.0 = Release|Any CPU
	EndGlobalSection
	GlobalSection(SolutionProperties) = preSolution
		HideSolutionNode = FALSE
	EndGlobalSection
	GlobalSection(ExtensibilityGlobals) = postSolution
		SolutionGuid = {B70806FC-29AF-4DF6-975F-75CBA94DB534}
	EndGlobalSection
EndGlobal
